# THIS IS AN AUTOGENERATED FILE. DO NOT EDIT THIS FILE DIRECTLY.
# yarn lockfile v1


"@rapid-build-ui/base@^0.0.12":
  version "0.0.12"
  resolved "https://registry.yarnpkg.com/@rapid-build-ui/base/-/base-0.0.12.tgz#e2edef0e065adb9facd9f2778378027841015c8d"
  integrity sha512-rJrrcA9tYv/1Dy33fy7GCJoPgrTjL2XqB3zzgQRlb375sIRWC1qVV3fKbNmnsUVpwHSlvSn3q6fIv6mIfsWV3g==
